// !$*UTF8*$!
{
	archiveVersion = 1;
	classes = {
	};
	objectVersion = 55;
	objects = {

/* Begin PBXBuildFile section */
		8B5719AC28A4EB3D00D524B6 /* Move.swift in Sources */ = {isa = PBXBuildFile; fileRef = 8B5719AB28A4EB3D00D524B6 /* Move.swift */; };
		8B5719AE28A54F6600D524B6 /* Alert.swift in Sources */ = {isa = PBXBuildFile; fileRef = 8B5719AD28A54F6600D524B6 /* Alert.swift */; };
		8B67791928A355DC00A614D0 /* Assignment2App.swift in Sources */ = {isa = PBXBuildFile; fileRef = 8B67791828A355DC00A614D0 /* Assignment2App.swift */; };
		8B67791B28A355DC00A614D0 /* ContentView.swift in Sources */ = {isa = PBXBuildFile; fileRef = 8B67791A28A355DC00A614D0 /* ContentView.swift */; };
		8B67791D28A355DD00A614D0 /* Assets.xcassets in Resources */ = {isa = PBXBuildFile; fileRef = 8B67791C28A355DD00A614D0 /* Assets.xcassets */; };
		8B67792028A355DD00A614D0 /* Preview Assets.xcassets in Resources */ = {isa = PBXBuildFile; fileRef = 8B67791F28A355DD00A614D0 /* Preview Assets.xcassets */; };
		8BB81A4F28AF9C81005225C4 /* GameEngineViewModel.swift in Sources */ = {isa = PBXBuildFile; fileRef = 8BB81A4E28AF9C81005225C4 /* GameEngineViewModel.swift */; };
		8BB81A5128AFA26B005225C4 /* GameAI.swift in Sources */ = {isa = PBXBuildFile; fileRef = 8BB81A5028AFA26B005225C4 /* GameAI.swift */; };
		8BB81A5428B0CD2F005225C4 /* ManualView.swift in Sources */ = {isa = PBXBuildFile; fileRef = 8BB81A5328B0CD2F005225C4 /* ManualView.swift */; };
		8BB81A5628B0D3ED005225C4 /* LinkView.swift in Sources */ = {isa = PBXBuildFile; fileRef = 8BB81A5528B0D3ED005225C4 /* LinkView.swift */; };
		8BB81A5828B22B3F005225C4 /* SwiftUIView.swift in Sources */ = {isa = PBXBuildFile; fileRef = 8BB81A5728B22B3F005225C4 /* SwiftUIView.swift */; };
		8BB81A5A28B23249005225C4 /* LoginView.swift in Sources */ = {isa = PBXBuildFile; fileRef = 8BB81A5928B23249005225C4 /* LoginView.swift */; };
		8BE5A47E28AE0DE8000C23F6 /* ScoreView.swift in Sources */ = {isa = PBXBuildFile; fileRef = 8BE5A47D28AE0DE8000C23F6 /* ScoreView.swift */; };
		8BE5A48028AE1259000C23F6 /* LeaderBoardView.swift in Sources */ = {isa = PBXBuildFile; fileRef = 8BE5A47F28AE1259000C23F6 /* LeaderBoardView.swift */; };
		8BE5A48228AE127F000C23F6 /* LeaderBoardCell.swift in Sources */ = {isa = PBXBuildFile; fileRef = 8BE5A48128AE127F000C23F6 /* LeaderBoardCell.swift */; };
		8BE5A48528AE2068000C23F6 /* GameView.swift in Sources */ = {isa = PBXBuildFile; fileRef = 8BE5A48428AE2068000C23F6 /* GameView.swift */; };
		8BFB624728ABBB560001448F /* StartMenu.swift in Sources */ = {isa = PBXBuildFile; fileRef = 8BFB624628ABBB560001448F /* StartMenu.swift */; };
/* End PBXBuildFile section */

/* Begin PBXFileReference section */
		8B5719AB28A4EB3D00D524B6 /* Move.swift */ = {isa = PBXFileReference; lastKnownFileType = sourcecode.swift; path = Move.swift; sourceTree = "<group>"; };
		8B5719AD28A54F6600D524B6 /* Alert.swift */ = {isa = PBXFileReference; lastKnownFileType = sourcecode.swift; path = Alert.swift; sourceTree = "<group>"; };
		8B67791528A355DC00A614D0 /* Assignment2.app */ = {isa = PBXFileReference; explicitFileType = wrapper.application; includeInIndex = 0; path = Assignment2.app; sourceTree = BUILT_PRODUCTS_DIR; };
		8B67791828A355DC00A614D0 /* Assignment2App.swift */ = {isa = PBXFileReference; lastKnownFileType = sourcecode.swift; path = Assignment2App.swift; sourceTree = "<group>"; };
		8B67791A28A355DC00A614D0 /* ContentView.swift */ = {isa = PBXFileReference; lastKnownFileType = sourcecode.swift; path = ContentView.swift; sourceTree = "<group>"; };
		8B67791C28A355DD00A614D0 /* Assets.xcassets */ = {isa = PBXFileReference; lastKnownFileType = folder.assetcatalog; path = Assets.xcassets; sourceTree = "<group>"; };
		8B67791F28A355DD00A614D0 /* Preview Assets.xcassets */ = {isa = PBXFileReference; lastKnownFileType = folder.assetcatalog; path = "Preview Assets.xcassets"; sourceTree = "<group>"; };
		8BB81A4E28AF9C81005225C4 /* GameEngineViewModel.swift */ = {isa = PBXFileReference; lastKnownFileType = sourcecode.swift; path = GameEngineViewModel.swift; sourceTree = "<group>"; };
		8BB81A5028AFA26B005225C4 /* GameAI.swift */ = {isa = PBXFileReference; lastKnownFileType = sourcecode.swift; path = GameAI.swift; sourceTree = "<group>"; };
		8BB81A5328B0CD2F005225C4 /* ManualView.swift */ = {isa = PBXFileReference; lastKnownFileType = sourcecode.swift; path = ManualView.swift; sourceTree = "<group>"; };
		8BB81A5528B0D3ED005225C4 /* LinkView.swift */ = {isa = PBXFileReference; lastKnownFileType = sourcecode.swift; path = LinkView.swift; sourceTree = "<group>"; };
		8BB81A5728B22B3F005225C4 /* SwiftUIView.swift */ = {isa = PBXFileReference; lastKnownFileType = sourcecode.swift; path = SwiftUIView.swift; sourceTree = "<group>"; };
		8BB81A5928B23249005225C4 /* LoginView.swift */ = {isa = PBXFileReference; lastKnownFileType = sourcecode.swift; path = LoginView.swift; sourceTree = "<group>"; };
		8BE5A47D28AE0DE8000C23F6 /* ScoreView.swift */ = {isa = PBXFileReference; lastKnownFileType = sourcecode.swift; path = ScoreView.swift; sourceTree = "<group>"; };
		8BE5A47F28AE1259000C23F6 /* LeaderBoardView.swift */ = {isa = PBXFileReference; lastKnownFileType = sourcecode.swift; path = LeaderBoardView.swift; sourceTree = "<group>"; };
		8BE5A48128AE127F000C23F6 /* LeaderBoardCell.swift */ = {isa = PBXFileReference; lastKnownFileType = sourcecode.swift; path = LeaderBoardCell.swift; sourceTree = "<group>"; };
		8BE5A48428AE2068000C23F6 /* GameView.swift */ = {isa = PBXFileReference; lastKnownFileType = sourcecode.swift; path = GameView.swift; sourceTree = "<group>"; };
		8BFB624628ABBB560001448F /* StartMenu.swift */ = {isa = PBXFileReference; lastKnownFileType = sourcecode.swift; path = StartMenu.swift; sourceTree = "<group>"; };
/* End PBXFileReference section */

/* Begin PBXFrameworksBuildPhase section */
		8B67791228A355DC00A614D0 /* Frameworks */ = {
			isa = PBXFrameworksBuildPhase;
			buildActionMask = 2147483647;
			files = (
			);
			runOnlyForDeploymentPostprocessing = 0;
		};
/* End PBXFrameworksBuildPhase section */

/* Begin PBXGroup section */
		8B67790C28A355DC00A614D0 = {
			isa = PBXGroup;
			children = (
				8B67791828A355DC00A614D0 /* Assignment2App.swift */,
				8B67791728A355DC00A614D0 /* Assignment2 */,
				8B67791628A355DC00A614D0 /* Products */,
			);
			sourceTree = "<group>";
		};
		8B67791628A355DC00A614D0 /* Products */ = {
			isa = PBXGroup;
			children = (
				8B67791528A355DC00A614D0 /* Assignment2.app */,
			);
			name = Products;
			sourceTree = "<group>";
		};
		8B67791728A355DC00A614D0 /* Assignment2 */ = {
			isa = PBXGroup;
			children = (
				8BB81A5B28B23D55005225C4 /* View */,
				8BB81A5228AFBD1D005225C4 /* Model */,
				8BB81A4D28AF9C65005225C4 /* ViewModel */,
				8B67791C28A355DD00A614D0 /* Assets.xcassets */,
				8B67791E28A355DD00A614D0 /* Preview Content */,
			);
			path = Assignment2;
			sourceTree = "<group>";
		};
		8B67791E28A355DD00A614D0 /* Preview Content */ = {
			isa = PBXGroup;
			children = (
				8B67791F28A355DD00A614D0 /* Preview Assets.xcassets */,
			);
			path = "Preview Content";
			sourceTree = "<group>";
		};
		8BB81A4D28AF9C65005225C4 /* ViewModel */ = {
			isa = PBXGroup;
			children = (
				8BB81A4E28AF9C81005225C4 /* GameEngineViewModel.swift */,
				8BB81A5028AFA26B005225C4 /* GameAI.swift */,
				8BB81A5528B0D3ED005225C4 /* LinkView.swift */,
			);
			path = ViewModel;
			sourceTree = "<group>";
		};
		8BB81A5228AFBD1D005225C4 /* Model */ = {
			isa = PBXGroup;
			children = (
				8B5719AB28A4EB3D00D524B6 /* Move.swift */,
				8B5719AD28A54F6600D524B6 /* Alert.swift */,
			);
			path = Model;
			sourceTree = "<group>";
		};
		8BB81A5B28B23D55005225C4 /* View */ = {
			isa = PBXGroup;
			children = (
				8BFB624628ABBB560001448F /* StartMenu.swift */,
				8B67791A28A355DC00A614D0 /* ContentView.swift */,
				8BE5A47D28AE0DE8000C23F6 /* ScoreView.swift */,
				8BE5A47F28AE1259000C23F6 /* LeaderBoardView.swift */,
				8BE5A48128AE127F000C23F6 /* LeaderBoardCell.swift */,
				8BE5A48428AE2068000C23F6 /* GameView.swift */,
				8BB81A5728B22B3F005225C4 /* SwiftUIView.swift */,
				8BB81A5328B0CD2F005225C4 /* ManualView.swift */,
				8BB81A5928B23249005225C4 /* LoginView.swift */,
			);
			path = View;
			sourceTree = "<group>";
		};
/* End PBXGroup section */

/* Begin PBXNativeTarget section */
		8B67791428A355DC00A614D0 /* Assignment2 */ = {
			isa = PBXNativeTarget;
			buildConfigurationList = 8B67792328A355DD00A614D0 /* Build configuration list for PBXNativeTarget "Assignment2" */;
			buildPhases = (
				8B67791128A355DC00A614D0 /* Sources */,
				8B67791228A355DC00A614D0 /* Frameworks */,
				8B67791328A355DC00A614D0 /* Resources */,
			);
			buildRules = (
			);
			dependencies = (
			);
			name = Assignment2;
			productName = Assignment2;
			productReference = 8B67791528A355DC00A614D0 /* Assignment2.app */;
			productType = "com.apple.product-type.application";
		};
/* End PBXNativeTarget section */

/* Begin PBXProject section */
		8B67790D28A355DC00A614D0 /* Project object */ = {
			isa = PBXProject;
			attributes = {
				BuildIndependentTargetsInParallel = 1;
				LastSwiftUpdateCheck = 1330;
				LastUpgradeCheck = 1330;
				TargetAttributes = {
					8B67791428A355DC00A614D0 = {
						CreatedOnToolsVersion = 13.3.1;
					};
				};
			};
			buildConfigurationList = 8B67791028A355DC00A614D0 /* Build configuration list for PBXProject "Assignment2" */;
			compatibilityVersion = "Xcode 13.0";
			developmentRegion = en;
			hasScannedForEncodings = 0;
			knownRegions = (
				en,
				Base,
			);
			mainGroup = 8B67790C28A355DC00A614D0;
			productRefGroup = 8B67791628A355DC00A614D0 /* Products */;
			projectDirPath = "";
			projectRoot = "";
			targets = (
				8B67791428A355DC00A614D0 /* Assignment2 */,
			);
		};
/* End PBXProject section */

/* Begin PBXResourcesBuildPhase section */
		8B67791328A355DC00A614D0 /* Resources */ = {
			isa = PBXResourcesBuildPhase;
			buildActionMask = 2147483647;
			files = (
				8B67792028A355DD00A614D0 /* Preview Assets.xcassets in Resources */,
				8B67791D28A355DD00A614D0 /* Assets.xcassets in Resources */,
			);
			runOnlyForDeploymentPostprocessing = 0;
		};
/* End PBXResourcesBuildPhase section */

/* Begin PBXSourcesBuildPhase section */
		8B67791128A355DC00A614D0 /* Sources */ = {
			isa = PBXSourcesBuildPhase;
			buildActionMask = 2147483647;
			files = (
				8B67791B28A355DC00A614D0 /* ContentView.swift in Sources */,
				8BFB624728ABBB560001448F /* StartMenu.swift in Sources */,
				8BE5A48028AE1259000C23F6 /* LeaderBoardView.swift in Sources */,
				8BB81A5A28B23249005225C4 /* LoginView.swift in Sources */,
				8B5719AC28A4EB3D00D524B6 /* Move.swift in Sources */,
				8BE5A48528AE2068000C23F6 /* GameView.swift in Sources */,
				8B5719AE28A54F6600D524B6 /* Alert.swift in Sources */,
				8BB81A5128AFA26B005225C4 /* GameAI.swift in Sources */,
				8BE5A48228AE127F000C23F6 /* LeaderBoardCell.swift in Sources */,
				8BB81A5828B22B3F005225C4 /* SwiftUIView.swift in Sources */,
				8BB81A5428B0CD2F005225C4 /* ManualView.swift in Sources */,
				8B67791928A355DC00A614D0 /* Assignment2App.swift in Sources */,
				8BB81A5628B0D3ED005225C4 /* LinkView.swift in Sources */,
				8BB81A4F28AF9C81005225C4 /* GameEngineViewModel.swift in Sources */,
				8BE5A47E28AE0DE8000C23F6 /* ScoreView.swift in Sources */,
			);
			runOnlyForDeploymentPostprocessing = 0;
		};
/* End PBXSourcesBuildPhase section */

/* Begin XCBuildConfiguration section */
		8B67792128A355DD00A614D0 /* Debug */ = {
			isa = XCBuildConfiguration;
			buildSettings = {
				ALWAYS_SEARCH_USER_PATHS = NO;
				CLANG_ANALYZER_NONNULL = YES;
				CLANG_ANALYZER_NUMBER_OBJECT_CONVERSION = YES_AGGRESSIVE;
				CLANG_CXX_LANGUAGE_STANDARD = "gnu++17";
				CLANG_ENABLE_MODULES = YES;
				CLANG_ENABLE_OBJC_ARC = YES;
				CLANG_ENABLE_OBJC_WEAK = YES;
				CLANG_WARN_BLOCK_CAPTURE_AUTORELEASING = YES;
				CLANG_WARN_BOOL_CONVERSION = YES;
				CLANG_WARN_COMMA = YES;
				CLANG_WARN_CONSTANT_CONVERSION = YES;
				CLANG_WARN_DEPRECATED_OBJC_IMPLEMENTATIONS = YES;
				CLANG_WARN_DIRECT_OBJC_ISA_USAGE = YES_ERROR;
				CLANG_WARN_DOCUMENTATION_COMMENTS = YES;
				CLANG_WARN_EMPTY_BODY = YES;
				CLANG_WARN_ENUM_CONVERSION = YES;
				CLANG_WARN_INFINITE_RECURSION = YES;
				CLANG_WARN_INT_CONVERSION = YES;
				CLANG_WARN_NON_LITERAL_NULL_CONVERSION = YES;
				CLANG_WARN_OBJC_IMPLICIT_RETAIN_SELF = YES;
				CLANG_WARN_OBJC_LITERAL_CONVERSION = YES;
				CLANG_WARN_OBJC_ROOT_CLASS = YES_ERROR;
				CLANG_WARN_QUOTED_INCLUDE_IN_FRAMEWORK_HEADER = YES;
				CLANG_WARN_RANGE_LOOP_ANALYSIS = YES;
				CLANG_WARN_STRICT_PROTOTYPES = YES;
				CLANG_WARN_SUSPICIOUS_MOVE = YES;
				CLANG_WARN_UNGUARDED_AVAILABILITY = YES_AGGRESSIVE;
				CLANG_WARN_UNREACHABLE_CODE = YES;
				CLANG_WARN__DUPLICATE_METHOD_MATCH = YES;
				COPY_PHASE_STRIP = NO;
				DEBUG_INFORMATION_FORMAT = dwarf;
				ENABLE_STRICT_OBJC_MSGSEND = YES;
				ENABLE_TESTABILITY = YES;
				GCC_C_LANGUAGE_STANDARD = gnu11;
				GCC_DYNAMIC_NO_PIC = NO;
				GCC_NO_COMMON_BLOCKS = YES;
				GCC_OPTIMIZATION_LEVEL = 0;
				GCC_PREPROCESSOR_DEFINITIONS = (
					"DEBUG=1",
					"$(inherited)",
				);
				GCC_WARN_64_TO_32_BIT_CONVERSION = YES;
				GCC_WARN_ABOUT_RETURN_TYPE = YES_ERROR;
				GCC_WARN_UNDECLARED_SELECTOR = YES;
				GCC_WARN_UNINITIALIZED_AUTOS = YES_AGGRESSIVE;
				GCC_WARN_UNUSED_FUNCTION = YES;
				GCC_WARN_UNUSED_VARIABLE = YES;
				IPHONEOS_DEPLOYMENT_TARGET = 15.4;
				MTL_ENABLE_DEBUG_INFO = INCLUDE_SOURCE;
				MTL_FAST_MATH = YES;
				ONLY_ACTIVE_ARCH = YES;
				SDKROOT = iphoneos;
				SWIFT_ACTIVE_COMPILATION_CONDITIONS = DEBUG;
				SWIFT_OPTIMIZATION_LEVEL = "-Onone";
			};
			name = Debug;
		};
		8B67792228A355DD00A614D0 /* Release */ = {
			isa = XCBuildConfiguration;
			buildSettings = {
				ALWAYS_SEARCH_USER_PATHS = NO;
				CLANG_ANALYZER_NONNULL = YES;
				CLANG_ANALYZER_NUMBER_OBJECT_CONVERSION = YES_AGGRESSIVE;
				CLANG_CXX_LANGUAGE_STANDARD = "gnu++17";
				CLANG_ENABLE_MODULES = YES;
				CLANG_ENABLE_OBJC_ARC = YES;
				CLANG_ENABLE_OBJC_WEAK = YES;
				CLANG_WARN_BLOCK_CAPTURE_AUTORELEASING = YES;
				CLANG_WARN_BOOL_CONVERSION = YES;
				CLANG_WARN_COMMA = YES;
				CLANG_WARN_CONSTANT_CONVERSION = YES;
				CLANG_WARN_DEPRECATED_OBJC_IMPLEMENTATIONS = YES;
				CLANG_WARN_DIRECT_OBJC_ISA_USAGE = YES_ERROR;
				CLANG_WARN_DOCUMENTATION_COMMENTS = YES;
				CLANG_WARN_EMPTY_BODY = YES;
				CLANG_WARN_ENUM_CONVERSION = YES;
				CLANG_WARN_INFINITE_RECURSION = YES;
				CLANG_WARN_INT_CONVERSION = YES;
				CLANG_WARN_NON_LITERAL_NULL_CONVERSION = YES;
				CLANG_WARN_OBJC_IMPLICIT_RETAIN_SELF = YES;
				CLANG_WARN_OBJC_LITERAL_CONVERSION = YES;
				CLANG_WARN_OBJC_ROOT_CLASS = YES_ERROR;
				CLANG_WARN_QUOTED_INCLUDE_IN_FRAMEWORK_HEADER = YES;
				CLANG_WARN_RANGE_LOOP_ANALYSIS = YES;
				CLANG_WARN_STRICT_PROTOTYPES = YES;
				CLANG_WARN_SUSPICIOUS_MOVE = YES;
				CLANG_WARN_UNGUARDED_AVAILABILITY = YES_AGGRESSIVE;
				CLANG_WARN_UNREACHABLE_CODE = YES;
				CLANG_WARN__DUPLICATE_METHOD_MATCH = YES;
				COPY_PHASE_STRIP = NO;
				DEBUG_INFORMATION_FORMAT = "dwarf-with-dsym";
				ENABLE_NS_ASSERTIONS = NO;
				ENABLE_STRICT_OBJC_MSGSEND = YES;
				GCC_C_LANGUAGE_STANDARD = gnu11;
				GCC_NO_COMMON_BLOCKS = YES;
				GCC_WARN_64_TO_32_BIT_CONVERSION = YES;
				GCC_WARN_ABOUT_RETURN_TYPE = YES_ERROR;
				GCC_WARN_UNDECLARED_SELECTOR = YES;
				GCC_WARN_UNINITIALIZED_AUTOS = YES_AGGRESSIVE;
				GCC_WARN_UNUSED_FUNCTION = YES;
				GCC_WARN_UNUSED_VARIABLE = YES;
				IPHONEOS_DEPLOYMENT_TARGET = 15.4;
				MTL_ENABLE_DEBUG_INFO = NO;
				MTL_FAST_MATH = YES;
				SDKROOT = iphoneos;
				SWIFT_COMPILATION_MODE = wholemodule;
				SWIFT_OPTIMIZATION_LEVEL = "-O";
				VALIDATE_PRODUCT = YES;
			};
			name = Release;
		};
		8B67792428A355DD00A614D0 /* Debug */ = {
			isa = XCBuildConfiguration;
			buildSettings = {
				ASSETCATALOG_COMPILER_APPICON_NAME = AppIcon;
				ASSETCATALOG_COMPILER_GLOBAL_ACCENT_COLOR_NAME = AccentColor;
				CODE_SIGN_STYLE = Automatic;
				CURRENT_PROJECT_VERSION = 1;
				DEVELOPMENT_ASSET_PATHS = "\"Assignment2/Preview Content\"";
				DEVELOPMENT_TEAM = TD436425T2;
				ENABLE_PREVIEWS = YES;
				GENERATE_INFOPLIST_FILE = YES;
				INFOPLIST_KEY_UIApplicationSceneManifest_Generation = YES;
				INFOPLIST_KEY_UIApplicationSupportsIndirectInputEvents = YES;
				INFOPLIST_KEY_UILaunchScreen_Generation = YES;
				INFOPLIST_KEY_UISupportedInterfaceOrientations_iPad = "UIInterfaceOrientationPortrait UIInterfaceOrientationPortraitUpsideDown UIInterfaceOrientationLandscapeLeft UIInterfaceOrientationLandscapeRight";
				INFOPLIST_KEY_UISupportedInterfaceOrientations_iPhone = "UIInterfaceOrientationPortrait UIInterfaceOrientationLandscapeLeft UIInterfaceOrientationLandscapeRight";
				LD_RUNPATH_SEARCH_PATHS = (
					"$(inherited)",
					"@executable_path/Frameworks",
				);
				MARKETING_VERSION = 1.0;
				PRODUCT_BUNDLE_IDENTIFIER = com.nhat.rmit.edu.Assignment2;
				PRODUCT_NAME = "$(TARGET_NAME)";
				SWIFT_EMIT_LOC_STRINGS = YES;
				SWIFT_VERSION = 5.0;
				TARGETED_DEVICE_FAMILY = "1,2";
			};
			name = Debug;
		};
		8B67792528A355DD00A614D0 /* Release */ = {
			isa = XCBuildConfiguration;
			buildSettings = {
				ASSETCATALOG_COMPILER_APPICON_NAME = AppIcon;
				ASSETCATALOG_COMPILER_GLOBAL_ACCENT_COLOR_NAME = AccentColor;
				CODE_SIGN_STYLE = Automatic;
				CURRENT_PROJECT_VERSION = 1;
				DEVELOPMENT_ASSET_PATHS = "\"Assignment2/Preview Content\"";
				DEVELOPMENT_TEAM = TD436425T2;
				ENABLE_PREVIEWS = YES;
				GENERATE_INFOPLIST_FILE = YES;
				INFOPLIST_KEY_UIApplicationSceneManifest_Generation = YES;
				INFOPLIST_KEY_UIApplicationSupportsIndirectInputEvents = YES;
				INFOPLIST_KEY_UILaunchScreen_Generation = YES;
				INFOPLIST_KEY_UISupportedInterfaceOrientations_iPad = "UIInterfaceOrientationPortrait UIInterfaceOrientationPortraitUpsideDown UIInterfaceOrientationLandscapeLeft UIInterfaceOrientationLandscapeRight";
				INFOPLIST_KEY_UISupportedInterfaceOrientations_iPhone = "UIInterfaceOrientationPortrait UIInterfaceOrientationLandscapeLeft UIInterfaceOrientationLandscapeRight";
				LD_RUNPATH_SEARCH_PATHS = (
					"$(inherited)",
					"@executable_path/Frameworks",
				);
				MARKETING_VERSION = 1.0;
				PRODUCT_BUNDLE_IDENTIFIER = com.nhat.rmit.edu.Assignment2;
				PRODUCT_NAME = "$(TARGET_NAME)";
				SWIFT_EMIT_LOC_STRINGS = YES;
				SWIFT_VERSION = 5.0;
				TARGETED_DEVICE_FAMILY = "1,2";
			};
			name = Release;
		};
/* End XCBuildConfiguration section */

/* Begin XCConfigurationList section */
		8B67791028A355DC00A614D0 /* Build configuration list for PBXProject "Assignment2" */ = {
			isa = XCConfigurationList;
			buildConfigurations = (
				8B67792128A355DD00A614D0 /* Debug */,
				8B67792228A355DD00A614D0 /* Release */,
			);
			defaultConfigurationIsVisible = 0;
			defaultConfigurationName = Release;
		};
		8B67792328A355DD00A614D0 /* Build configuration list for PBXNativeTarget "Assignment2" */ = {
			isa = XCConfigurationList;
			buildConfigurations = (
				8B67792428A355DD00A614D0 /* Debug */,
				8B67792528A355DD00A614D0 /* Release */,
			);
			defaultConfigurationIsVisible = 0;
			defaultConfigurationName = Release;
		};
/* End XCConfigurationList section */
	};
	rootObject = 8B67790D28A355DC00A614D0 /* Project object */;
}
